// !$*UTF8*$!
{
	archiveVersion = 1;
	classes = {
	};
	objectVersion = 46;
	objects = {

/* Begin PBXBuildFile section */
		D812CF661E9F702500066344 /* AsyncDisplayController.swift in Sources */ = {isa = PBXBuildFile; fileRef = D812CF651E9F702500066344 /* AsyncDisplayController.swift */; };
		D812CF741E9F82BD00066344 /* DataPrenstenter.m in Sources */ = {isa = PBXBuildFile; fileRef = D812CF6A1E9F82BD00066344 /* DataPrenstenter.m */; };
		D812CF751E9F82BD00066344 /* NSString+Additions.m in Sources */ = {isa = PBXBuildFile; fileRef = D812CF6D1E9F82BD00066344 /* NSString+Additions.m */; };
		D812CF761E9F82BD00066344 /* String+Additions.swift in Sources */ = {isa = PBXBuildFile; fileRef = D812CF6E1E9F82BD00066344 /* String+Additions.swift */; };
		D812CF771E9F82BD00066344 /* UIScreen+Additions.swift in Sources */ = {isa = PBXBuildFile; fileRef = D812CF6F1E9F82BD00066344 /* UIScreen+Additions.swift */; };
		D812CF781E9F82BD00066344 /* VVeboLabel.swift in Sources */ = {isa = PBXBuildFile; fileRef = D812CF711E9F82BD00066344 /* VVeboLabel.swift */; };
		D812CF791E9F82BD00066344 /* VVeboTableViewCell.swift in Sources */ = {isa = PBXBuildFile; fileRef = D812CF721E9F82BD00066344 /* VVeboTableViewCell.swift */; };
		D812CF7A1E9F82BD00066344 /* VVeboTableView.swift in Sources */ = {isa = PBXBuildFile; fileRef = D812CF731E9F82BD00066344 /* VVeboTableView.swift */; };
		D812CF7C1E9F834500066344 /* VVeboController.swift in Sources */ = {isa = PBXBuildFile; fileRef = D812CF7B1E9F834500066344 /* VVeboController.swift */; };
		D814B2981E9E183A0000B60C /* MTAsyncLayer.swift in Sources */ = {isa = PBXBuildFile; fileRef = D814B2951E9E183A0000B60C /* MTAsyncLayer.swift */; };
		D814B2991E9E183A0000B60C /* MTSentinel.swift in Sources */ = {isa = PBXBuildFile; fileRef = D814B2961E9E183A0000B60C /* MTSentinel.swift */; };
		D814B29A1E9E183A0000B60C /* MTTransaction.swift in Sources */ = {isa = PBXBuildFile; fileRef = D814B2971E9E183A0000B60C /* MTTransaction.swift */; };
		D85621A91E84F81B008EFB1B /* AppDelegate.swift in Sources */ = {isa = PBXBuildFile; fileRef = D85621A81E84F81B008EFB1B /* AppDelegate.swift */; };
		D85621AB1E84F81B008EFB1B /* ViewController.swift in Sources */ = {isa = PBXBuildFile; fileRef = D85621AA1E84F81B008EFB1B /* ViewController.swift */; };
		D85621AE1E84F81B008EFB1B /* Main.storyboard in Resources */ = {isa = PBXBuildFile; fileRef = D85621AC1E84F81B008EFB1B /* Main.storyboard */; };
		D85621B01E84F81B008EFB1B /* Assets.xcassets in Resources */ = {isa = PBXBuildFile; fileRef = D85621AF1E84F81B008EFB1B /* Assets.xcassets */; };
		D85621B31E84F81B008EFB1B /* LaunchScreen.storyboard in Resources */ = {isa = PBXBuildFile; fileRef = D85621B11E84F81B008EFB1B /* LaunchScreen.storyboard */; };
		D85621BE1E84F81B008EFB1B /* VVeboTableViewDemoUITests.swift in Sources */ = {isa = PBXBuildFile; fileRef = D85621BD1E84F81B008EFB1B /* VVeboTableViewDemoUITests.swift */; };
		D85621CB1E84F9C1008EFB1B /* Kingfisher.framework in Frameworks */ = {isa = PBXBuildFile; fileRef = D85621C91E84F9BD008EFB1B /* Kingfisher.framework */; };
		D85621CC1E84F9C1008EFB1B /* Kingfisher.framework in Embed Frameworks */ = {isa = PBXBuildFile; fileRef = D85621C91E84F9BD008EFB1B /* Kingfisher.framework */; settings = {ATTRIBUTES = (CodeSignOnCopy, RemoveHeadersOnCopy, ); }; };
		D88DC5B71E9B937700F8FA1A /* LazyTableView.swift in Sources */ = {isa = PBXBuildFile; fileRef = D88DC5B61E9B937700F8FA1A /* LazyTableView.swift */; };
		D88DC5B91E9B964100F8FA1A /* LazyController.swift in Sources */ = {isa = PBXBuildFile; fileRef = D88DC5B81E9B964100F8FA1A /* LazyController.swift */; };
		D8C107191E8A4D3D000EA508 /* data.plist in Resources */ = {isa = PBXBuildFile; fileRef = D8C107181E8A4D3D000EA508 /* data.plist */; };
		D8C681F41E87AB0900367414 /* corner_circle@2x.png in Resources */ = {isa = PBXBuildFile; fileRef = D8C681F11E87AB0900367414 /* corner_circle@2x.png */; };
		D8C681F51E87AB0900367414 /* t_comments@2x.png in Resources */ = {isa = PBXBuildFile; fileRef = D8C681F21E87AB0900367414 /* t_comments@2x.png */; };
		D8C681F61E87AB0900367414 /* t_repost@2x.png in Resources */ = {isa = PBXBuildFile; fileRef = D8C681F31E87AB0900367414 /* t_repost@2x.png */; };
/* End PBXBuildFile section */

/* Begin PBXContainerItemProxy section */
		D85621BA1E84F81B008EFB1B /* PBXContainerItemProxy */ = {
			isa = PBXContainerItemProxy;
			containerPortal = D856219D1E84F81B008EFB1B /* Project object */;
			proxyType = 1;
			remoteGlobalIDString = D85621A41E84F81B008EFB1B;
			remoteInfo = VVeboTableViewDemo;
		};
/* End PBXContainerItemProxy section */

/* Begin PBXCopyFilesBuildPhase section */
		D85621CD1E84F9C1008EFB1B /* Embed Frameworks */ = {
			isa = PBXCopyFilesBuildPhase;
			buildActionMask = 2147483647;
			dstPath = "";
			dstSubfolderSpec = 10;
			files = (
				D85621CC1E84F9C1008EFB1B /* Kingfisher.framework in Embed Frameworks */,
			);
			name = "Embed Frameworks";
			runOnlyForDeploymentPostprocessing = 0;
		};
/* End PBXCopyFilesBuildPhase section */

/* Begin PBXFileReference section */
		D812CF651E9F702500066344 /* AsyncDisplayController.swift */ = {isa = PBXFileReference; fileEncoding = 4; lastKnownFileType = sourcecode.swift; path = AsyncDisplayController.swift; sourceTree = "<group>"; };
		D812CF691E9F82BD00066344 /* DataPrenstenter.h */ = {isa = PBXFileReference; fileEncoding = 4; lastKnownFileType = sourcecode.c.h; path = DataPrenstenter.h; sourceTree = "<group>"; };
		D812CF6A1E9F82BD00066344 /* DataPrenstenter.m */ = {isa = PBXFileReference; fileEncoding = 4; lastKnownFileType = sourcecode.c.objc; path = DataPrenstenter.m; sourceTree = "<group>"; };
		D812CF6C1E9F82BD00066344 /* NSString+Additions.h */ = {isa = PBXFileReference; fileEncoding = 4; lastKnownFileType = sourcecode.c.h; path = "NSString+Additions.h"; sourceTree = "<group>"; };
		D812CF6D1E9F82BD00066344 /* NSString+Additions.m */ = {isa = PBXFileReference; fileEncoding = 4; lastKnownFileType = sourcecode.c.objc; path = "NSString+Additions.m"; sourceTree = "<group>"; };
		D812CF6E1E9F82BD00066344 /* String+Additions.swift */ = {isa = PBXFileReference; fileEncoding = 4; lastKnownFileType = sourcecode.swift; path = "String+Additions.swift"; sourceTree = "<group>"; };
		D812CF6F1E9F82BD00066344 /* UIScreen+Additions.swift */ = {isa = PBXFileReference; fileEncoding = 4; lastKnownFileType = sourcecode.swift; path = "UIScreen+Additions.swift"; sourceTree = "<group>"; };
		D812CF711E9F82BD00066344 /* VVeboLabel.swift */ = {isa = PBXFileReference; fileEncoding = 4; lastKnownFileType = sourcecode.swift; path = VVeboLabel.swift; sourceTree = "<group>"; };
		D812CF721E9F82BD00066344 /* VVeboTableViewCell.swift */ = {isa = PBXFileReference; fileEncoding = 4; lastKnownFileType = sourcecode.swift; path = VVeboTableViewCell.swift; sourceTree = "<group>"; };
		D812CF731E9F82BD00066344 /* VVeboTableView.swift */ = {isa = PBXFileReference; fileEncoding = 4; lastKnownFileType = sourcecode.swift; path = VVeboTableView.swift; sourceTree = "<group>"; };
		D812CF7B1E9F834500066344 /* VVeboController.swift */ = {isa = PBXFileReference; fileEncoding = 4; lastKnownFileType = sourcecode.swift; path = VVeboController.swift; sourceTree = "<group>"; };
		D814B2951E9E183A0000B60C /* MTAsyncLayer.swift */ = {isa = PBXFileReference; fileEncoding = 4; lastKnownFileType = sourcecode.swift; path = MTAsyncLayer.swift; sourceTree = "<group>"; };
		D814B2961E9E183A0000B60C /* MTSentinel.swift */ = {isa = PBXFileReference; fileEncoding = 4; lastKnownFileType = sourcecode.swift; path = MTSentinel.swift; sourceTree = "<group>"; };
		D814B2971E9E183A0000B60C /* MTTransaction.swift */ = {isa = PBXFileReference; fileEncoding = 4; lastKnownFileType = sourcecode.swift; path = MTTransaction.swift; sourceTree = "<group>"; };
		D85621A51E84F81B008EFB1B /* VVeboTableViewDemo.app */ = {isa = PBXFileReference; explicitFileType = wrapper.application; includeInIndex = 0; path = VVeboTableViewDemo.app; sourceTree = BUILT_PRODUCTS_DIR; };
		D85621A81E84F81B008EFB1B /* AppDelegate.swift */ = {isa = PBXFileReference; lastKnownFileType = sourcecode.swift; path = AppDelegate.swift; sourceTree = "<group>"; };
		D85621AA1E84F81B008EFB1B /* ViewController.swift */ = {isa = PBXFileReference; lastKnownFileType = sourcecode.swift; path = ViewController.swift; sourceTree = "<group>"; };
		D85621AD1E84F81B008EFB1B /* Base */ = {isa = PBXFileReference; lastKnownFileType = file.storyboard; name = Base; path = Base.lproj/Main.storyboard; sourceTree = "<group>"; };
		D85621AF1E84F81B008EFB1B /* Assets.xcassets */ = {isa = PBXFileReference; lastKnownFileType = folder.assetcatalog; path = Assets.xcassets; sourceTree = "<group>"; };
		D85621B21E84F81B008EFB1B /* Base */ = {isa = PBXFileReference; lastKnownFileType = file.storyboard; name = Base; path = Base.lproj/LaunchScreen.storyboard; sourceTree = "<group>"; };
		D85621B41E84F81B008EFB1B /* Info.plist */ = {isa = PBXFileReference; lastKnownFileType = text.plist.xml; path = Info.plist; sourceTree = "<group>"; };
		D85621B91E84F81B008EFB1B /* VVeboTableViewDemoUITests.xctest */ = {isa = PBXFileReference; explicitFileType = wrapper.cfbundle; includeInIndex = 0; path = VVeboTableViewDemoUITests.xctest; sourceTree = BUILT_PRODUCTS_DIR; };
		D85621BD1E84F81B008EFB1B /* VVeboTableViewDemoUITests.swift */ = {isa = PBXFileReference; lastKnownFileType = sourcecode.swift; path = VVeboTableViewDemoUITests.swift; sourceTree = "<group>"; };
		D85621BF1E84F81B008EFB1B /* Info.plist */ = {isa = PBXFileReference; lastKnownFileType = text.plist.xml; path = Info.plist; sourceTree = "<group>"; };
		D85621C91E84F9BD008EFB1B /* Kingfisher.framework */ = {isa = PBXFileReference; lastKnownFileType = wrapper.framework; name = Kingfisher.framework; path = Carthage/Build/iOS/Kingfisher.framework; sourceTree = "<group>"; };
		D85621D31E84FA3C008EFB1B /* Bridging.h */ = {isa = PBXFileReference; lastKnownFileType = sourcecode.c.h; path = Bridging.h; sourceTree = "<group>"; };
		D88DC5B61E9B937700F8FA1A /* LazyTableView.swift */ = {isa = PBXFileReference; fileEncoding = 4; lastKnownFileType = sourcecode.swift; path = LazyTableView.swift; sourceTree = "<group>"; };
		D88DC5B81E9B964100F8FA1A /* LazyController.swift */ = {isa = PBXFileReference; fileEncoding = 4; lastKnownFileType = sourcecode.swift; path = LazyController.swift; sourceTree = "<group>"; };
		D8C107181E8A4D3D000EA508 /* data.plist */ = {isa = PBXFileReference; fileEncoding = 4; lastKnownFileType = text.plist.xml; name = data.plist; path = Resources/data.plist; sourceTree = "<group>"; };
		D8C681F11E87AB0900367414 /* corner_circle@2x.png */ = {isa = PBXFileReference; lastKnownFileType = image.png; name = "corner_circle@2x.png"; path = "Resources/corner_circle@2x.png"; sourceTree = "<group>"; };
		D8C681F21E87AB0900367414 /* t_comments@2x.png */ = {isa = PBXFileReference; lastKnownFileType = image.png; name = "t_comments@2x.png"; path = "Resources/t_comments@2x.png"; sourceTree = "<group>"; };
		D8C681F31E87AB0900367414 /* t_repost@2x.png */ = {isa = PBXFileReference; lastKnownFileType = image.png; name = "t_repost@2x.png"; path = "Resources/t_repost@2x.png"; sourceTree = "<group>"; };
/* End PBXFileReference section */

/* Begin PBXFrameworksBuildPhase section */
		D85621A21E84F81B008EFB1B /* Frameworks */ = {
			isa = PBXFrameworksBuildPhase;
			buildActionMask = 2147483647;
			files = (
				D85621CB1E84F9C1008EFB1B /* Kingfisher.framework in Frameworks */,
			);
			runOnlyForDeploymentPostprocessing = 0;
		};
		D85621B61E84F81B008EFB1B /* Frameworks */ = {
			isa = PBXFrameworksBuildPhase;
			buildActionMask = 2147483647;
			files = (
			);
			runOnlyForDeploymentPostprocessing = 0;
		};
/* End PBXFrameworksBuildPhase section */

/* Begin PBXGroup section */
		D812CF681E9F82BD00066344 /* VVebo */ = {
			isa = PBXGroup;
			children = (
				D812CF7B1E9F834500066344 /* VVeboController.swift */,
				D812CF691E9F82BD00066344 /* DataPrenstenter.h */,
				D812CF6A1E9F82BD00066344 /* DataPrenstenter.m */,
				D812CF6B1E9F82BD00066344 /* Support */,
				D812CF701E9F82BD00066344 /* Views */,
				D812CF731E9F82BD00066344 /* VVeboTableView.swift */,
			);
			path = VVebo;
			sourceTree = "<group>";
		};
		D812CF6B1E9F82BD00066344 /* Support */ = {
			isa = PBXGroup;
			children = (
				D812CF6C1E9F82BD00066344 /* NSString+Additions.h */,
				D812CF6D1E9F82BD00066344 /* NSString+Additions.m */,
				D812CF6E1E9F82BD00066344 /* String+Additions.swift */,
				D812CF6F1E9F82BD00066344 /* UIScreen+Additions.swift */,
			);
			path = Support;
			sourceTree = "<group>";
		};
		D812CF701E9F82BD00066344 /* Views */ = {
			isa = PBXGroup;
			children = (
				D812CF711E9F82BD00066344 /* VVeboLabel.swift */,
				D812CF721E9F82BD00066344 /* VVeboTableViewCell.swift */,
			);
			path = Views;
			sourceTree = "<group>";
		};
		D814B2941E9E183A0000B60C /* MTAsyncLayer */ = {
			isa = PBXGroup;
			children = (
				D814B2951E9E183A0000B60C /* MTAsyncLayer.swift */,
				D814B2961E9E183A0000B60C /* MTSentinel.swift */,
				D814B2971E9E183A0000B60C /* MTTransaction.swift */,
			);
			path = MTAsyncLayer;
			sourceTree = "<group>";
		};
		D856219C1E84F81B008EFB1B = {
			isa = PBXGroup;
			children = (
				D85621A71E84F81B008EFB1B /* VVeboTableViewDemo */,
				D85621BC1E84F81B008EFB1B /* VVeboTableViewDemoUITests */,
				D85621A61E84F81B008EFB1B /* Products */,
				D85621C81E84F9BD008EFB1B /* Frameworks */,
			);
			sourceTree = "<group>";
		};
		D85621A61E84F81B008EFB1B /* Products */ = {
			isa = PBXGroup;
			children = (
				D85621A51E84F81B008EFB1B /* VVeboTableViewDemo.app */,
				D85621B91E84F81B008EFB1B /* VVeboTableViewDemoUITests.xctest */,
			);
			name = Products;
			sourceTree = "<group>";
		};
		D85621A71E84F81B008EFB1B /* VVeboTableViewDemo */ = {
			isa = PBXGroup;
			children = (
				D812CF681E9F82BD00066344 /* VVebo */,
				D814B2941E9E183A0000B60C /* MTAsyncLayer */,
				D8C681F01E87AA2F00367414 /* Resources */,
				D85621A81E84F81B008EFB1B /* AppDelegate.swift */,
				D85621AA1E84F81B008EFB1B /* ViewController.swift */,
				D88DC5B81E9B964100F8FA1A /* LazyController.swift */,
				D88DC5B61E9B937700F8FA1A /* LazyTableView.swift */,
				D85621AC1E84F81B008EFB1B /* Main.storyboard */,
				D85621AF1E84F81B008EFB1B /* Assets.xcassets */,
				D85621B11E84F81B008EFB1B /* LaunchScreen.storyboard */,
				D85621B41E84F81B008EFB1B /* Info.plist */,
				D85621D31E84FA3C008EFB1B /* Bridging.h */,
				D812CF651E9F702500066344 /* AsyncDisplayController.swift */,
			);
			path = VVeboTableViewDemo;
			sourceTree = "<group>";
		};
		D85621BC1E84F81B008EFB1B /* VVeboTableViewDemoUITests */ = {
			isa = PBXGroup;
			children = (
				D85621BD1E84F81B008EFB1B /* VVeboTableViewDemoUITests.swift */,
				D85621BF1E84F81B008EFB1B /* Info.plist */,
			);
			path = VVeboTableViewDemoUITests;
			sourceTree = "<group>";
		};
		D85621C81E84F9BD008EFB1B /* Frameworks */ = {
			isa = PBXGroup;
			children = (
				D85621C91E84F9BD008EFB1B /* Kingfisher.framework */,
			);
			name = Frameworks;
			sourceTree = "<group>";
		};
		D8C681F01E87AA2F00367414 /* Resources */ = {
			isa = PBXGroup;
			children = (
				D8C107181E8A4D3D000EA508 /* data.plist */,
				D8C681F11E87AB0900367414 /* corner_circle@2x.png */,
				D8C681F21E87AB0900367414 /* t_comments@2x.png */,
				D8C681F31E87AB0900367414 /* t_repost@2x.png */,
			);
			name = Resources;
			sourceTree = "<group>";
		};
/* End PBXGroup section */

/* Begin PBXNativeTarget section */
		D85621A41E84F81B008EFB1B /* VVeboTableViewDemo */ = {
			isa = PBXNativeTarget;
			buildConfigurationList = D85621C21E84F81B008EFB1B /* Build configuration list for PBXNativeTarget "VVeboTableViewDemo" */;
			buildPhases = (
				D85621A11E84F81B008EFB1B /* Sources */,
				D85621A21E84F81B008EFB1B /* Frameworks */,
				D85621A31E84F81B008EFB1B /* Resources */,
				D85621CD1E84F9C1008EFB1B /* Embed Frameworks */,
			);
			buildRules = (
			);
			dependencies = (
			);
			name = VVeboTableViewDemo;
			productName = VVeboTableViewDemo;
			productReference = D85621A51E84F81B008EFB1B /* VVeboTableViewDemo.app */;
			productType = "com.apple.product-type.application";
		};
		D85621B81E84F81B008EFB1B /* VVeboTableViewDemoUITests */ = {
			isa = PBXNativeTarget;
			buildConfigurationList = D85621C51E84F81B008EFB1B /* Build configuration list for PBXNativeTarget "VVeboTableViewDemoUITests" */;
			buildPhases = (
				D85621B51E84F81B008EFB1B /* Sources */,
				D85621B61E84F81B008EFB1B /* Frameworks */,
				D85621B71E84F81B008EFB1B /* Resources */,
			);
			buildRules = (
			);
			dependencies = (
				D85621BB1E84F81B008EFB1B /* PBXTargetDependency */,
			);
			name = VVeboTableViewDemoUITests;
			productName = VVeboTableViewDemoUITests;
			productReference = D85621B91E84F81B008EFB1B /* VVeboTableViewDemoUITests.xctest */;
			productType = "com.apple.product-type.bundle.ui-testing";
		};
/* End PBXNativeTarget section */

/* Begin PBXProject section */
		D856219D1E84F81B008EFB1B /* Project object */ = {
			isa = PBXProject;
			attributes = {
				LastSwiftUpdateCheck = 0820;
				LastUpgradeCheck = 0820;
				ORGANIZATIONNAME = "伯驹 黄";
				TargetAttributes = {
					D85621A41E84F81B008EFB1B = {
						CreatedOnToolsVersion = 8.2.1;
						DevelopmentTeam = 46A8679957;
						ProvisioningStyle = Automatic;
					};
					D85621B81E84F81B008EFB1B = {
						CreatedOnToolsVersion = 8.2.1;
						ProvisioningStyle = Automatic;
						TestTargetID = D85621A41E84F81B008EFB1B;
					};
				};
			};
			buildConfigurationList = D85621A01E84F81B008EFB1B /* Build configuration list for PBXProject "VVeboTableViewDemo" */;
			compatibilityVersion = "Xcode 3.2";
			developmentRegion = English;
			hasScannedForEncodings = 0;
			knownRegions = (
				en,
				Base,
			);
			mainGroup = D856219C1E84F81B008EFB1B;
			productRefGroup = D85621A61E84F81B008EFB1B /* Products */;
			projectDirPath = "";
			projectRoot = "";
			targets = (
				D85621A41E84F81B008EFB1B /* VVeboTableViewDemo */,
				D85621B81E84F81B008EFB1B /* VVeboTableViewDemoUITests */,
			);
		};
/* End PBXProject section */

/* Begin PBXResourcesBuildPhase section */
		D85621A31E84F81B008EFB1B /* Resources */ = {
			isa = PBXResourcesBuildPhase;
			buildActionMask = 2147483647;
			files = (
				D85621B31E84F81B008EFB1B /* LaunchScreen.storyboard in Resources */,
				D8C681F51E87AB0900367414 /* t_comments@2x.png in Resources */,
				D8C681F61E87AB0900367414 /* t_repost@2x.png in Resources */,
				D85621B01E84F81B008EFB1B /* Assets.xcassets in Resources */,
				D85621AE1E84F81B008EFB1B /* Main.storyboard in Resources */,
				D8C107191E8A4D3D000EA508 /* data.plist in Resources */,
				D8C681F41E87AB0900367414 /* corner_circle@2x.png in Resources */,
			);
			runOnlyForDeploymentPostprocessing = 0;
		};
		D85621B71E84F81B008EFB1B /* Resources */ = {
			isa = PBXResourcesBuildPhase;
			buildActionMask = 2147483647;
			files = (
			);
			runOnlyForDeploymentPostprocessing = 0;
		};
/* End PBXResourcesBuildPhase section */

/* Begin PBXSourcesBuildPhase section */
		D85621A11E84F81B008EFB1B /* Sources */ = {
			isa = PBXSourcesBuildPhase;
			buildActionMask = 2147483647;
			files = (
				D88DC5B91E9B964100F8FA1A /* LazyController.swift in Sources */,
				D88DC5B71E9B937700F8FA1A /* LazyTableView.swift in Sources */,
				D812CF791E9F82BD00066344 /* VVeboTableViewCell.swift in Sources */,
				D814B29A1E9E183A0000B60C /* MTTransaction.swift in Sources */,
				D812CF741E9F82BD00066344 /* DataPrenstenter.m in Sources */,
				D812CF751E9F82BD00066344 /* NSString+Additions.m in Sources */,
				D812CF7C1E9F834500066344 /* VVeboController.swift in Sources */,
				D814B2991E9E183A0000B60C /* MTSentinel.swift in Sources */,
				D814B2981E9E183A0000B60C /* MTAsyncLayer.swift in Sources */,
				D812CF771E9F82BD00066344 /* UIScreen+Additions.swift in Sources */,
				D812CF7A1E9F82BD00066344 /* VVeboTableView.swift in Sources */,
				D812CF781E9F82BD00066344 /* VVeboLabel.swift in Sources */,
				D812CF761E9F82BD00066344 /* String+Additions.swift in Sources */,
				D85621AB1E84F81B008EFB1B /* ViewController.swift in Sources */,
				D85621A91E84F81B008EFB1B /* AppDelegate.swift in Sources */,
				D812CF661E9F702500066344 /* AsyncDisplayController.swift in Sources */,
			);
			runOnlyForDeploymentPostprocessing = 0;
		};
		D85621B51E84F81B008EFB1B /* Sources */ = {
			isa = PBXSourcesBuildPhase;
			buildActionMask = 2147483647;
			files = (
				D85621BE1E84F81B008EFB1B /* VVeboTableViewDemoUITests.swift in Sources */,
			);
			runOnlyForDeploymentPostprocessing = 0;
		};
/* End PBXSourcesBuildPhase section */

/* Begin PBXTargetDependency section */
		D85621BB1E84F81B008EFB1B /* PBXTargetDependency */ = {
			isa = PBXTargetDependency;
			target = D85621A41E84F81B008EFB1B /* VVeboTableViewDemo */;
			targetProxy = D85621BA1E84F81B008EFB1B /* PBXContainerItemProxy */;
		};
/* End PBXTargetDependency section */

/* Begin PBXVariantGroup section */
		D85621AC1E84F81B008EFB1B /* Main.storyboard */ = {
			isa = PBXVariantGroup;
			children = (
				D85621AD1E84F81B008EFB1B /* Base */,
			);
			name = Main.storyboard;
			sourceTree = "<group>";
		};
		D85621B11E84F81B008EFB1B /* LaunchScreen.storyboard */ = {
			isa = PBXVariantGroup;
			children = (
				D85621B21E84F81B008EFB1B /* Base */,
			);
			name = LaunchScreen.storyboard;
			sourceTree = "<group>";
		};
/* End PBXVariantGroup section */

/* Begin XCBuildConfiguration section */
		D85621C01E84F81B008EFB1B /* Debug */ = {
			isa = XCBuildConfiguration;
			buildSettings = {
				ALWAYS_SEARCH_USER_PATHS = NO;
				CLANG_ANALYZER_NONNULL = YES;
				CLANG_CXX_LANGUAGE_STANDARD = "gnu++0x";
				CLANG_CXX_LIBRARY = "libc++";
				CLANG_ENABLE_MODULES = YES;
				CLANG_ENABLE_OBJC_ARC = YES;
				CLANG_WARN_BOOL_CONVERSION = YES;
				CLANG_WARN_CONSTANT_CONVERSION = YES;
				CLANG_WARN_DIRECT_OBJC_ISA_USAGE = YES_ERROR;
				CLANG_WARN_DOCUMENTATION_COMMENTS = YES;
				CLANG_WARN_EMPTY_BODY = YES;
				CLANG_WARN_ENUM_CONVERSION = YES;
				CLANG_WARN_INFINITE_RECURSION = YES;
				CLANG_WARN_INT_CONVERSION = YES;
				CLANG_WARN_OBJC_ROOT_CLASS = YES_ERROR;
				CLANG_WARN_SUSPICIOUS_MOVE = YES;
				CLANG_WARN_UNREACHABLE_CODE = YES;
				CLANG_WARN__DUPLICATE_METHOD_MATCH = YES;
				"CODE_SIGN_IDENTITY[sdk=iphoneos*]" = "iPhone Developer";
				COPY_PHASE_STRIP = NO;
				DEBUG_INFORMATION_FORMAT = dwarf;
				ENABLE_STRICT_OBJC_MSGSEND = YES;
				ENABLE_TESTABILITY = YES;
				GCC_C_LANGUAGE_STANDARD = gnu99;
				GCC_DYNAMIC_NO_PIC = NO;
				GCC_NO_COMMON_BLOCKS = YES;
				GCC_OPTIMIZATION_LEVEL = 0;
				GCC_PREPROCESSOR_DEFINITIONS = (
					"DEBUG=1",
					"$(inherited)",
				);
				GCC_WARN_64_TO_32_BIT_CONVERSION = YES;
				GCC_WARN_ABOUT_RETURN_TYPE = YES_ERROR;
				GCC_WARN_UNDECLARED_SELECTOR = YES;
				GCC_WARN_UNINITIALIZED_AUTOS = YES_AGGRESSIVE;
				GCC_WARN_UNUSED_FUNCTION = YES;
				GCC_WARN_UNUSED_VARIABLE = YES;
				IPHONEOS_DEPLOYMENT_TARGET = 10.2;
				MTL_ENABLE_DEBUG_INFO = YES;
				ONLY_ACTIVE_ARCH = YES;
				SDKROOT = iphoneos;
				SWIFT_ACTIVE_COMPILATION_CONDITIONS = DEBUG;
				SWIFT_OPTIMIZATION_LEVEL = "-Onone";
			};
			name = Debug;
		};
		D85621C11E84F81B008EFB1B /* Release */ = {
			isa = XCBuildConfiguration;
			buildSettings = {
				ALWAYS_SEARCH_USER_PATHS = NO;
				CLANG_ANALYZER_NONNULL = YES;
				CLANG_CXX_LANGUAGE_STANDARD = "gnu++0x";
				CLANG_CXX_LIBRARY = "libc++";
				CLANG_ENABLE_MODULES = YES;
				CLANG_ENABLE_OBJC_ARC = YES;
				CLANG_WARN_BOOL_CONVERSION = YES;
				CLANG_WARN_CONSTANT_CONVERSION = YES;
				CLANG_WARN_DIRECT_OBJC_ISA_USAGE = YES_ERROR;
				CLANG_WARN_DOCUMENTATION_COMMENTS = YES;
				CLANG_WARN_EMPTY_BODY = YES;
				CLANG_WARN_ENUM_CONVERSION = YES;
				CLANG_WARN_INFINITE_RECURSION = YES;
				CLANG_WARN_INT_CONVERSION = YES;
				CLANG_WARN_OBJC_ROOT_CLASS = YES_ERROR;
				CLANG_WARN_SUSPICIOUS_MOVE = YES;
				CLANG_WARN_UNREACHABLE_CODE = YES;
				CLANG_WARN__DUPLICATE_METHOD_MATCH = YES;
				"CODE_SIGN_IDENTITY[sdk=iphoneos*]" = "iPhone Developer";
				COPY_PHASE_STRIP = NO;
				DEBUG_INFORMATION_FORMAT = "dwarf-with-dsym";
				ENABLE_NS_ASSERTIONS = NO;
				ENABLE_STRICT_OBJC_MSGSEND = YES;
				GCC_C_LANGUAGE_STANDARD = gnu99;
				GCC_NO_COMMON_BLOCKS = YES;
				GCC_WARN_64_TO_32_BIT_CONVERSION = YES;
				GCC_WARN_ABOUT_RETURN_TYPE = YES_ERROR;
				GCC_WARN_UNDECLARED_SELECTOR = YES;
				GCC_WARN_UNINITIALIZED_AUTOS = YES_AGGRESSIVE;
				GCC_WARN_UNUSED_FUNCTION = YES;
				GCC_WARN_UNUSED_VARIABLE = YES;
				IPHONEOS_DEPLOYMENT_TARGET = 10.2;
				MTL_ENABLE_DEBUG_INFO = NO;
				SDKROOT = iphoneos;
				SWIFT_OPTIMIZATION_LEVEL = "-Owholemodule";
				VALIDATE_PRODUCT = YES;
			};
			name = Release;
		};
		D85621C31E84F81B008EFB1B /* Debug */ = {
			isa = XCBuildConfiguration;
			buildSettings = {
				ASSETCATALOG_COMPILER_APPICON_NAME = AppIcon;
				DEVELOPMENT_TEAM = 46A8679957;
				FRAMEWORK_SEARCH_PATHS = (
					"$(inherited)",
					"$(PROJECT_DIR)/Carthage/Build/iOS",
				);
				INFOPLIST_FILE = VVeboTableViewDemo/Info.plist;
				IPHONEOS_DEPLOYMENT_TARGET = 8.0;
				LD_RUNPATH_SEARCH_PATHS = "$(inherited) @executable_path/Frameworks";
				PRODUCT_BUNDLE_IDENTIFIER = com.huangboju.VVeboTableViewDemo;
				PRODUCT_NAME = "$(TARGET_NAME)";
				SWIFT_OBJC_BRIDGING_HEADER = VVeboTableViewDemo/Bridging.h;
				SWIFT_VERSION = 3.0;
			};
			name = Debug;
		};
		D85621C41E84F81B008EFB1B /* Release */ = {
			isa = XCBuildConfiguration;
			buildSettings = {
				ASSETCATALOG_COMPILER_APPICON_NAME = AppIcon;
				DEVELOPMENT_TEAM = 46A8679957;
				FRAMEWORK_SEARCH_PATHS = (
					"$(inherited)",
					"$(PROJECT_DIR)/Carthage/Build/iOS",
				);
				INFOPLIST_FILE = VVeboTableViewDemo/Info.plist;
				IPHONEOS_DEPLOYMENT_TARGET = 8.0;
				LD_RUNPATH_SEARCH_PATHS = "$(inherited) @executable_path/Frameworks";
				PRODUCT_BUNDLE_IDENTIFIER = com.huangboju.VVeboTableViewDemo;
				PRODUCT_NAME = "$(TARGET_NAME)";
				SWIFT_OBJC_BRIDGING_HEADER = VVeboTableViewDemo/Bridging.h;
				SWIFT_VERSION = 3.0;
			};
			name = Release;
		};
		D85621C61E84F81B008EFB1B /* Debug */ = {
			isa = XCBuildConfiguration;
			buildSettings = {
				ALWAYS_EMBED_SWIFT_STANDARD_LIBRARIES = YES;
				INFOPLIST_FILE = VVeboTableViewDemoUITests/Info.plist;
				LD_RUNPATH_SEARCH_PATHS = "$(inherited) @executable_path/Frameworks @loader_path/Frameworks";
				PRODUCT_BUNDLE_IDENTIFIER = com.huangboju.VVeboTableViewDemoUITests;
				PRODUCT_NAME = "$(TARGET_NAME)";
				SWIFT_VERSION = 3.0;
				TEST_TARGET_NAME = VVeboTableViewDemo;
			};
			name = Debug;
		};
		D85621C71E84F81B008EFB1B /* Release */ = {
			isa = XCBuildConfiguration;
			buildSettings = {
				ALWAYS_EMBED_SWIFT_STANDARD_LIBRARIES = YES;
				INFOPLIST_FILE = VVeboTableViewDemoUITests/Info.plist;
				LD_RUNPATH_SEARCH_PATHS = "$(inherited) @executable_path/Frameworks @loader_path/Frameworks";
				PRODUCT_BUNDLE_IDENTIFIER = com.huangboju.VVeboTableViewDemoUITests;
				PRODUCT_NAME = "$(TARGET_NAME)";
				SWIFT_VERSION = 3.0;
				TEST_TARGET_NAME = VVeboTableViewDemo;
			};
			name = Release;
		};
/* End XCBuildConfiguration section */

/* Begin XCConfigurationList section */
		D85621A01E84F81B008EFB1B /* Build configuration list for PBXProject "VVeboTableViewDemo" */ = {
			isa = XCConfigurationList;
			buildConfigurations = (
				D85621C01E84F81B008EFB1B /* Debug */,
				D85621C11E84F81B008EFB1B /* Release */,
			);
			defaultConfigurationIsVisible = 0;
			defaultConfigurationName = Release;
		};
		D85621C21E84F81B008EFB1B /* Build configuration list for PBXNativeTarget "VVeboTableViewDemo" */ = {
			isa = XCConfigurationList;
			buildConfigurations = (
				D85621C31E84F81B008EFB1B /* Debug */,
				D85621C41E84F81B008EFB1B /* Release */,
			);
			defaultConfigurationIsVisible = 0;
			defaultConfigurationName = Release;
		};
		D85621C51E84F81B008EFB1B /* Build configuration list for PBXNativeTarget "VVeboTableViewDemoUITests" */ = {
			isa = XCConfigurationList;
			buildConfigurations = (
				D85621C61E84F81B008EFB1B /* Debug */,
				D85621C71E84F81B008EFB1B /* Release */,
			);
			defaultConfigurationIsVisible = 0;
			defaultConfigurationName = Release;
		};
/* End XCConfigurationList section */
	};
	rootObject = D856219D1E84F81B008EFB1B /* Project object */;
}
